
Microsoft Visual Studio Solution File, Format Version 12.00
# Visual Studio 15
VisualStudioVersion = 15.0.28307.572
MinimumVisualStudioVersion = 10.0.40219.1
Project("{8BC9CEB8-8B4A-11D0-8D11-00A0C91BC942}") = "game_City", "game_City\game_City.vcxproj", "{7D7B8F54-D20E-4225-94BE-F863682381CC}"
EndProject
Global
	GlobalSection(SolutionConfigurationPlatforms) = preSolution
		Debug|x64 = Debug|x64
		Debug|x86 = Debug|x86
		Release|x64 = Release|x64
		Release|x86 = Release|x86
	EndGlobalSection
	GlobalSection(ProjectConfigurationPlatforms) = postSolution
		{7D7B8F54-D20E-4225-94BE-F863682381CC}.Debug|x64.ActiveCfg = Debug|x64
		{7D7B8F54-D20E-4225-94BE-F863682381CC}.Debug|x64.Build.0 = Debug|x64
		{7D7B8F54-D20E-4225-94BE-F863682381CC}.Debug|x86.ActiveCfg = Debug|Win32
		{7D7B8F54-D20E-4225-94BE-F863682381CC}.Debug|x86.Build.0 = Debug|Win32
		{7D7B8F54-D20E-4225-94BE-F863682381CC}.Release|x64.ActiveCfg = Release|x64
		{7D7B8F54-D20E-4225-94BE-F863682381CC}.Release|x64.Build.0 = Release|x64
		{7D7B8F54-D20E-4225-94BE-F863682381CC}.Release|x86.ActiveCfg = Release|Win32
		{7D7B8F54-D20E-4225-94BE-F863682381CC}.Release|x86.Build.0 = Release|Win32
	EndGlobalSection
	GlobalSection(SolutionProperties) = preSolution
		HideSolutionNode = FALSE
	EndGlobalSection
	GlobalSection(ExtensibilityGlobals) = postSolution
		SolutionGuid = {FC62816E-4937-4D3E-AED2-66F64BA63630}
	EndGlobalSection
EndGlobal
